
Microsoft Visual Studio Solution File, Format Version 12.00
# Visual Studio Version 16
VisualStudioVersion = 16.0.29123.88
MinimumVisualStudioVersion = 10.0.40219.1
Project("{FAE04EC0-301F-11D3-BF4B-00C04F79EFBC}") = "001-FizzBuzz", "001-FizzBuzz.csproj", "{073A3015-6A59-4880-97F7-7E7A1B374D01}"
EndProject
Project("{FAE04EC0-301F-11D3-BF4B-00C04F79EFBC}") = "002-CSharpConcepts", "..\002-CsharpConcepts\002-CSharpConcepts.csproj", "{7B12929F-7677-4607-BB51-BF4678453065}"
EndProject
Project("{FAE04EC0-301F-11D3-BF4B-00C04F79EFBC}") = "003-CSharpNutshell", "..\003-CSharpNutshell\003-CSharpNutshell.csproj", "{C16C984B-246D-457F-9CAD-A63A5157C53B}"
EndProject
Project("{FAE04EC0-301F-11D3-BF4B-00C04F79EFBC}") = "004-MakingTypeSortable", "..\004-MakingTypeSortable\004-MakingTypeSortable.csproj", "{3E843FE3-A884-40B5-889D-4CD0AC07164C}"
EndProject
Project("{FAE04EC0-301F-11D3-BF4B-00C04F79EFBC}") = "005-ReturnMultipeItemsMethod", "..\005-ReturnMultipeItemsMethod\005-ReturnMultipeItemsMethod.csproj", "{3556617C-D312-4523-98F5-48A4271707B6}"
EndProject
Project("{FAE04EC0-301F-11D3-BF4B-00C04F79EFBC}") = "006-InitConstantFieldAtRuntime", "..\006-InitConstantFieldAtRuntime\006-InitConstantFieldAtRuntime.csproj", "{73D95F89-2878-49A7-BBCE-31576CFC158C}"
EndProject
Project("{FAE04EC0-301F-11D3-BF4B-00C04F79EFBC}") = "007-CloneableClasses", "..\007-CloneableClasses\007-CloneableClasses.csproj", "{45EC6884-126E-4E9E-89BC-A29BD38C2072}"
EndProject
Project("{FAE04EC0-301F-11D3-BF4B-00C04F79EFBC}") = "008-EnsureObjDisposal", "..\008-EnsureObjDisposal\008-EnsureObjDisposal.csproj", "{5C042C71-1006-4237-BFF3-5D04234E2EB0}"
EndProject
Project("{FAE04EC0-301F-11D3-BF4B-00C04F79EFBC}") = "009-WhenWhereGenerics", "..\009-WhenWhereGenerics\009-WhenWhereGenerics.csproj", "{EFB36332-6A3B-4863-B2F1-31C7D970300D}"
EndProject
Project("{FAE04EC0-301F-11D3-BF4B-00C04F79EFBC}") = "010-ReverseSortedList", "..\010-ReverseSortedList\010-ReverseSortedList.csproj", "{F0B02043-6B01-4F4F-BEEF-01EDE25473AE}"
EndProject
Project("{FAE04EC0-301F-11D3-BF4B-00C04F79EFBC}") = "011-ConstrainTypeArgs", "..\011-ConstrainTypeArgs\011-ConstrainTypeArgs.csproj", "{3437F918-5D03-4D87-853D-3BC265A73160}"
EndProject
Project("{FAE04EC0-301F-11D3-BF4B-00C04F79EFBC}") = "012-LambdaExpressions", "..\012-LambdaExpressions\012-LambdaExpressions.csproj", "{475B4E3E-CB75-46AA-A967-0D0EBC8FFF75}"
EndProject
Project("{FAE04EC0-301F-11D3-BF4B-00C04F79EFBC}") = "013-Delegates", "..\013-Delegates\013-Delegates.csproj", "{50B85F11-86E1-4A4F-8416-13205F66C721}"
EndProject
Project("{FAE04EC0-301F-11D3-BF4B-00C04F79EFBC}") = "014-DelegateProgGuide", "..\014-DelegateProgGuide\014-DelegateProgGuide.csproj", "{E9496066-08E7-43AB-82DB-ED1DFEE9AA74}"
EndProject
Global
	GlobalSection(SolutionConfigurationPlatforms) = preSolution
		Debug|Any CPU = Debug|Any CPU
		Release|Any CPU = Release|Any CPU
	EndGlobalSection
	GlobalSection(ProjectConfigurationPlatforms) = postSolution
		{073A3015-6A59-4880-97F7-7E7A1B374D01}.Debug|Any CPU.ActiveCfg = Debug|Any CPU
		{073A3015-6A59-4880-97F7-7E7A1B374D01}.Debug|Any CPU.Build.0 = Debug|Any CPU
		{073A3015-6A59-4880-97F7-7E7A1B374D01}.Release|Any CPU.ActiveCfg = Release|Any CPU
		{073A3015-6A59-4880-97F7-7E7A1B374D01}.Release|Any CPU.Build.0 = Release|Any CPU
		{7B12929F-7677-4607-BB51-BF4678453065}.Debug|Any CPU.ActiveCfg = Debug|Any CPU
		{7B12929F-7677-4607-BB51-BF4678453065}.Debug|Any CPU.Build.0 = Debug|Any CPU
		{7B12929F-7677-4607-BB51-BF4678453065}.Release|Any CPU.ActiveCfg = Release|Any CPU
		{7B12929F-7677-4607-BB51-BF4678453065}.Release|Any CPU.Build.0 = Release|Any CPU
		{C16C984B-246D-457F-9CAD-A63A5157C53B}.Debug|Any CPU.ActiveCfg = Debug|Any CPU
		{C16C984B-246D-457F-9CAD-A63A5157C53B}.Debug|Any CPU.Build.0 = Debug|Any CPU
		{C16C984B-246D-457F-9CAD-A63A5157C53B}.Release|Any CPU.ActiveCfg = Release|Any CPU
		{C16C984B-246D-457F-9CAD-A63A5157C53B}.Release|Any CPU.Build.0 = Release|Any CPU
		{3E843FE3-A884-40B5-889D-4CD0AC07164C}.Debug|Any CPU.ActiveCfg = Debug|Any CPU
		{3E843FE3-A884-40B5-889D-4CD0AC07164C}.Debug|Any CPU.Build.0 = Debug|Any CPU
		{3E843FE3-A884-40B5-889D-4CD0AC07164C}.Release|Any CPU.ActiveCfg = Release|Any CPU
		{3E843FE3-A884-40B5-889D-4CD0AC07164C}.Release|Any CPU.Build.0 = Release|Any CPU
		{3556617C-D312-4523-98F5-48A4271707B6}.Debug|Any CPU.ActiveCfg = Debug|Any CPU
		{3556617C-D312-4523-98F5-48A4271707B6}.Debug|Any CPU.Build.0 = Debug|Any CPU
		{3556617C-D312-4523-98F5-48A4271707B6}.Release|Any CPU.ActiveCfg = Release|Any CPU
		{3556617C-D312-4523-98F5-48A4271707B6}.Release|Any CPU.Build.0 = Release|Any CPU
		{73D95F89-2878-49A7-BBCE-31576CFC158C}.Debug|Any CPU.ActiveCfg = Debug|Any CPU
		{73D95F89-2878-49A7-BBCE-31576CFC158C}.Debug|Any CPU.Build.0 = Debug|Any CPU
		{73D95F89-2878-49A7-BBCE-31576CFC158C}.Release|Any CPU.ActiveCfg = Release|Any CPU
		{73D95F89-2878-49A7-BBCE-31576CFC158C}.Release|Any CPU.Build.0 = Release|Any CPU
		{45EC6884-126E-4E9E-89BC-A29BD38C2072}.Debug|Any CPU.ActiveCfg = Debug|Any CPU
		{45EC6884-126E-4E9E-89BC-A29BD38C2072}.Debug|Any CPU.Build.0 = Debug|Any CPU
		{45EC6884-126E-4E9E-89BC-A29BD38C2072}.Release|Any CPU.ActiveCfg = Release|Any CPU
		{45EC6884-126E-4E9E-89BC-A29BD38C2072}.Release|Any CPU.Build.0 = Release|Any CPU
		{5C042C71-1006-4237-BFF3-5D04234E2EB0}.Debug|Any CPU.ActiveCfg = Debug|Any CPU
		{5C042C71-1006-4237-BFF3-5D04234E2EB0}.Debug|Any CPU.Build.0 = Debug|Any CPU
		{5C042C71-1006-4237-BFF3-5D04234E2EB0}.Release|Any CPU.ActiveCfg = Release|Any CPU
		{5C042C71-1006-4237-BFF3-5D04234E2EB0}.Release|Any CPU.Build.0 = Release|Any CPU
		{EFB36332-6A3B-4863-B2F1-31C7D970300D}.Debug|Any CPU.ActiveCfg = Debug|Any CPU
		{EFB36332-6A3B-4863-B2F1-31C7D970300D}.Debug|Any CPU.Build.0 = Debug|Any CPU
		{EFB36332-6A3B-4863-B2F1-31C7D970300D}.Release|Any CPU.ActiveCfg = Release|Any CPU
		{EFB36332-6A3B-4863-B2F1-31C7D970300D}.Release|Any CPU.Build.0 = Release|Any CPU
		{F0B02043-6B01-4F4F-BEEF-01EDE25473AE}.Debug|Any CPU.ActiveCfg = Debug|Any CPU
		{F0B02043-6B01-4F4F-BEEF-01EDE25473AE}.Debug|Any CPU.Build.0 = Debug|Any CPU
		{F0B02043-6B01-4F4F-BEEF-01EDE25473AE}.Release|Any CPU.ActiveCfg = Release|Any CPU
		{F0B02043-6B01-4F4F-BEEF-01EDE25473AE}.Release|Any CPU.Build.0 = Release|Any CPU
		{3437F918-5D03-4D87-853D-3BC265A73160}.Debug|Any CPU.ActiveCfg = Debug|Any CPU
		{3437F918-5D03-4D87-853D-3BC265A73160}.Debug|Any CPU.Build.0 = Debug|Any CPU
		{3437F918-5D03-4D87-853D-3BC265A73160}.Release|Any CPU.ActiveCfg = Release|Any CPU
		{3437F918-5D03-4D87-853D-3BC265A73160}.Release|Any CPU.Build.0 = Release|Any CPU
		{475B4E3E-CB75-46AA-A967-0D0EBC8FFF75}.Debug|Any CPU.ActiveCfg = Debug|Any CPU
		{475B4E3E-CB75-46AA-A967-0D0EBC8FFF75}.Debug|Any CPU.Build.0 = Debug|Any CPU
		{475B4E3E-CB75-46AA-A967-0D0EBC8FFF75}.Release|Any CPU.ActiveCfg = Release|Any CPU
		{475B4E3E-CB75-46AA-A967-0D0EBC8FFF75}.Release|Any CPU.Build.0 = Release|Any CPU
		{50B85F11-86E1-4A4F-8416-13205F66C721}.Debug|Any CPU.ActiveCfg = Debug|Any CPU
		{50B85F11-86E1-4A4F-8416-13205F66C721}.Debug|Any CPU.Build.0 = Debug|Any CPU
		{50B85F11-86E1-4A4F-8416-13205F66C721}.Release|Any CPU.ActiveCfg = Release|Any CPU
		{50B85F11-86E1-4A4F-8416-13205F66C721}.Release|Any CPU.Build.0 = Release|Any CPU
		{E9496066-08E7-43AB-82DB-ED1DFEE9AA74}.Debug|Any CPU.ActiveCfg = Debug|Any CPU
		{E9496066-08E7-43AB-82DB-ED1DFEE9AA74}.Debug|Any CPU.Build.0 = Debug|Any CPU
		{E9496066-08E7-43AB-82DB-ED1DFEE9AA74}.Release|Any CPU.ActiveCfg = Release|Any CPU
		{E9496066-08E7-43AB-82DB-ED1DFEE9AA74}.Release|Any CPU.Build.0 = Release|Any CPU
	EndGlobalSection
	GlobalSection(SolutionProperties) = preSolution
		HideSolutionNode = FALSE
	EndGlobalSection
	GlobalSection(ExtensibilityGlobals) = postSolution
		SolutionGuid = {B096F7C0-02CE-4AE5-AFB3-3018E40C12C3}
	EndGlobalSection
EndGlobal
